Microsoft Visual Studio Solution File, Format Version 11.00
# Visual Studio 2008

Project("{21A4CAD8-C877-D295-1BED-94B5BC4E00B5}") = "Group 1", "Assembly-CSharp.csproj", "{11679033-51BE-F299-D91D-42FBE2FEDAD4}"
EndProject
Global
	GlobalSection(SolutionConfigurationPlatforms) = preSolution
		Debug|Any CPU = Debug|Any CPU
		Release|Any CPU = Release|Any CPU
	EndGlobalSection
	GlobalSection(ProjectConfigurationPlatforms) = postSolution
		{11679033-51BE-F299-D91D-42FBE2FEDAD4}.Debug|Any CPU.ActiveCfg = Debug|Any CPU
		{11679033-51BE-F299-D91D-42FBE2FEDAD4}.Debug|Any CPU.Build.0 = Debug|Any CPU
		{11679033-51BE-F299-D91D-42FBE2FEDAD4}.Release|Any CPU.ActiveCfg = Release|Any CPU
		{11679033-51BE-F299-D91D-42FBE2FEDAD4}.Release|Any CPU.Build.0 = Release|Any CPU
	EndGlobalSection
	GlobalSection(SolutionProperties) = preSolution
		HideSolutionNode = FALSE
	EndGlobalSection
	GlobalSection(MonoDevelopProperties) = preSolution
		StartupItem = Assembly-CSharp.csproj
	EndGlobalSection
EndGlobal
