Microsoft Visual Studio Solution File, Format Version 11.00
# Visual Studio 2008

Project("{766C7CBF-B25B-59F3-BA75-01770370DE4C}") = "Team-Assignment-1", "Assembly-CSharp.csproj", "{B472A396-4F41-FD52-1F32-A6EDCCB6B8A7}"
EndProject
Global
	GlobalSection(SolutionConfigurationPlatforms) = preSolution
		Debug|Any CPU = Debug|Any CPU
		Release|Any CPU = Release|Any CPU
	EndGlobalSection
	GlobalSection(ProjectConfigurationPlatforms) = postSolution
		{B472A396-4F41-FD52-1F32-A6EDCCB6B8A7}.Debug|Any CPU.ActiveCfg = Debug|Any CPU
		{B472A396-4F41-FD52-1F32-A6EDCCB6B8A7}.Debug|Any CPU.Build.0 = Debug|Any CPU
		{B472A396-4F41-FD52-1F32-A6EDCCB6B8A7}.Release|Any CPU.ActiveCfg = Release|Any CPU
		{B472A396-4F41-FD52-1F32-A6EDCCB6B8A7}.Release|Any CPU.Build.0 = Release|Any CPU
	EndGlobalSection
	GlobalSection(SolutionProperties) = preSolution
		HideSolutionNode = FALSE
	EndGlobalSection
	GlobalSection(MonoDevelopProperties) = preSolution
		StartupItem = Assembly-CSharp.csproj
	EndGlobalSection
EndGlobal
